<?xml version="1.0" encoding="utf-8"?>
<Project ToolsVersion="4.0" xmlns="http://schemas.microsoft.com/developer/msbuild/2003">
  <ItemGroup>
    <Filter Include="Source Files">
      <UniqueIdentifier>{D71E6AE5-4A67-4D64-BEF0-1FA1981A1CC2}</UniqueIdentifier>
      <Extensions>cpp;c;cc;cxx;def;odl;idl;hpj;bat;asm;asmx</Extensions>
    </Filter>
    <Filter Include="Header Files">
      <UniqueIdentifier>{D0D2D6E4-86EA-490E-8F1A-4FC8B671E4CA}</UniqueIdentifier>
      <Extensions>h;hh;hpp;hxx;hm;inl;inc;ipp;xsd</Extensions>
    </Filter>
    <Filter Include="Resource Files">
      <UniqueIdentifier>{2C2A77D8-5C13-4884-99E0-F2F5EB54A3AE}</UniqueIdentifier>
      <Extensions>rc;ico;cur;bmp;dlg;rc2;rct;bin;rgs;gif;jpg;jpeg;jpe;resx;qrc</Extensions>
    </Filter>
  </ItemGroup>
  <ItemGroup>
    <ClCompile Include="src\imagereader.cpp">
      <Filter>Source Files</Filter>
    </ClCompile>
    <ClCompile Include="src\main.cpp">
      <Filter>Source Files</Filter>
    </ClCompile>
    <ClCompile Include="src\rawdevice.cpp">
      <Filter>Source Files</Filter>
    </ClCompile>
    <ClCompile Include="src\showcaseanalyzer.cpp">
      <Filter>Source Files</Filter>
    </ClCompile>
    <ClCompile Include="src\showcaseapp.cpp">
      <Filter>Source Files</Filter>
    </ClCompile>
    <ClCompile Include="src\signaturecarver.cpp">
      <Filter>Source Files</Filter>
    </ClCompile>
  </ItemGroup>
  <ItemGroup>
    <ClInclude Include="src\imagereader.h">
      <Filter>Header Files</Filter>
    </ClInclude>
    <ClInclude Include="src\rawdevice.h">
      <Filter>Header Files</Filter>
    </ClInclude>
    <ClInclude Include="src\showcaseanalyzer.h">
      <Filter>Header Files</Filter>
    </ClInclude>
    <ClInclude Include="src\showcaseapp.h">
      <Filter>Header Files</Filter>
    </ClInclude>
    <ClInclude Include="src\signaturecarver.h">
      <Filter>Header Files</Filter>
    </ClInclude>
  </ItemGroup>
  <ItemGroup>
    <None Include="README.md">
      <Filter>Resource Files</Filter>
    </None>
    <None Include="ShowcaseQt.props">
      <Filter>Resource Files</Filter>
    </None>
  </ItemGroup>
</Project>
